// !$*UTF8*$!
{
	archiveVersion = 1;
	classes = {
	};
	objectVersion = 55;
	objects = {

/* Begin PBXBuildFile section */
		389B085F2931B29C0058A8B4 /* Lato2OFL in Resources */ = {isa = PBXBuildFile; fileRef = 389B085E2931B29C0058A8B4 /* Lato2OFL */; };
		EB022CB0292D18870046C27A /* Lato-HeavyItalic.ttf in Resources */ = {isa = PBXBuildFile; fileRef = EB022C9B292D18070046C27A /* Lato-HeavyItalic.ttf */; };
		EB022CB1292D18920046C27A /* Lato-Italic.ttf in Resources */ = {isa = PBXBuildFile; fileRef = EB022C9C292D18070046C27A /* Lato-Italic.ttf */; };
		EB022CB2292D18920046C27A /* Lato-Black.ttf in Resources */ = {isa = PBXBuildFile; fileRef = EB022CA0292D18070046C27A /* Lato-Black.ttf */; };
		EB022CB3292D18920046C27A /* Lato-BlackItalic.ttf in Resources */ = {isa = PBXBuildFile; fileRef = EB022CA5292D18070046C27A /* Lato-BlackItalic.ttf */; };
		EB022CB4292D18920046C27A /* Lato-MediumItalic.ttf in Resources */ = {isa = PBXBuildFile; fileRef = EB022CA7292D18070046C27A /* Lato-MediumItalic.ttf */; };
		EB022CB5292D18920046C27A /* Lato-Semibold.ttf in Resources */ = {isa = PBXBuildFile; fileRef = EB022CA6292D18070046C27A /* Lato-Semibold.ttf */; };
		EB022CB6292D18920046C27A /* Lato-LightItalic.ttf in Resources */ = {isa = PBXBuildFile; fileRef = EB022C9D292D18070046C27A /* Lato-LightItalic.ttf */; };
		EB022CB7292D18920046C27A /* Lato-SemiboldItalic.ttf in Resources */ = {isa = PBXBuildFile; fileRef = EB022CA1292D18070046C27A /* Lato-SemiboldItalic.ttf */; };
		EB022CB8292D18920046C27A /* Lato-HairlineItalic.ttf in Resources */ = {isa = PBXBuildFile; fileRef = EB022CA2292D18070046C27A /* Lato-HairlineItalic.ttf */; };
		EB022CB9292D18920046C27A /* Lato-Thin.ttf in Resources */ = {isa = PBXBuildFile; fileRef = EB022C9E292D18070046C27A /* Lato-Thin.ttf */; };
		EB022CBA292D18920046C27A /* Lato-Hairline.ttf in Resources */ = {isa = PBXBuildFile; fileRef = EB022CA4292D18070046C27A /* Lato-Hairline.ttf */; };
		EB022CBB292D18920046C27A /* Lato-Bold.ttf in Resources */ = {isa = PBXBuildFile; fileRef = EB022C9F292D18070046C27A /* Lato-Bold.ttf */; };
		EB022CBC292D18920046C27A /* Lato-Regular.ttf in Resources */ = {isa = PBXBuildFile; fileRef = EB022CA3292D18070046C27A /* Lato-Regular.ttf */; };
		EB022CBD292D189D0046C27A /* Lato-Heavy.ttf in Resources */ = {isa = PBXBuildFile; fileRef = EB022CA9292D18070046C27A /* Lato-Heavy.ttf */; };
		EB022CBE292D18A20046C27A /* Lato-Light.ttf in Resources */ = {isa = PBXBuildFile; fileRef = EB022CAC292D18070046C27A /* Lato-Light.ttf */; };
		EB022CBF292D18A20046C27A /* Lato-BoldItalic.ttf in Resources */ = {isa = PBXBuildFile; fileRef = EB022CAB292D18070046C27A /* Lato-BoldItalic.ttf */; };
		EB022CC0292D18A20046C27A /* Lato-Medium.ttf in Resources */ = {isa = PBXBuildFile; fileRef = EB022CAD292D18070046C27A /* Lato-Medium.ttf */; };
		EB022CC1292D18A20046C27A /* Lato-ThinItalic.ttf in Resources */ = {isa = PBXBuildFile; fileRef = EB022CAE292D18070046C27A /* Lato-ThinItalic.ttf */; };
		EB0E61C6291D621F000C7B42 /* FormNotesTableViewCell.swift in Sources */ = {isa = PBXBuildFile; fileRef = EB0E61C5291D621F000C7B42 /* FormNotesTableViewCell.swift */; };
		EB24C860285BE06600D7922A /* FeedViewController.swift in Sources */ = {isa = PBXBuildFile; fileRef = EB24C85F285BE06600D7922A /* FeedViewController.swift */; };
		EB24C868285D309700D7922A /* SolidFeedViewController.swift in Sources */ = {isa = PBXBuildFile; fileRef = EB24C867285D309700D7922A /* SolidFeedViewController.swift */; };
		EB24C86A285D30CC00D7922A /* FluidFeedViewController.swift in Sources */ = {isa = PBXBuildFile; fileRef = EB24C869285D30CC00D7922A /* FluidFeedViewController.swift */; };
		EB24C86C286656C200D7922A /* BehaviorViewController.swift in Sources */ = {isa = PBXBuildFile; fileRef = EB24C86B286656C100D7922A /* BehaviorViewController.swift */; };
		EB35918C27C9A14A00FE651D /* ChildInformationViewController.swift in Sources */ = {isa = PBXBuildFile; fileRef = EB35918B27C9A14A00FE651D /* ChildInformationViewController.swift */; };
		EB3A328D27A362CC00B96417 /* SignUpViewController.swift in Sources */ = {isa = PBXBuildFile; fileRef = EB3A328C27A362CC00B96417 /* SignUpViewController.swift */; };
		EB4335A328905DE30037CDEF /* ProfileHeaderView.swift in Sources */ = {isa = PBXBuildFile; fileRef = EB4335A128905DE30037CDEF /* ProfileHeaderView.swift */; };
		EB4335A428905DE30037CDEF /* ProfileHeaderView.xib in Resources */ = {isa = PBXBuildFile; fileRef = EB4335A228905DE30037CDEF /* ProfileHeaderView.xib */; };
		EB51422927B76FDE0030EDB3 /* HomeScreenViewController.swift in Sources */ = {isa = PBXBuildFile; fileRef = EB51422827B76FDE0030EDB3 /* HomeScreenViewController.swift */; };
		EB5EF2EF2890702700711E39 /* HistoryTableViewController.swift in Sources */ = {isa = PBXBuildFile; fileRef = EB5EF2EE2890702700711E39 /* HistoryTableViewController.swift */; };
		EB5EF2F32892132F00711E39 /* UserResourceCell.swift in Sources */ = {isa = PBXBuildFile; fileRef = EB5EF2F22892132F00711E39 /* UserResourceCell.swift */; };
		EB5EF2F52892135100711E39 /* CustomTableViewCell.swift in Sources */ = {isa = PBXBuildFile; fileRef = EB5EF2F42892135100711E39 /* CustomTableViewCell.swift */; };
		EB6A17AE27AB645D0069428E /* JournalViewController.swift in Sources */ = {isa = PBXBuildFile; fileRef = EB6A17AD27AB645D0069428E /* JournalViewController.swift */; };
		EB6E061628D5541B0023BA00 /* DoctorsVisitViewController.swift in Sources */ = {isa = PBXBuildFile; fileRef = EB6E061528D5541B0023BA00 /* DoctorsVisitViewController.swift */; };
		EB7978182852D01800154969 /* ProfilesViewController.swift in Sources */ = {isa = PBXBuildFile; fileRef = EB7978172852D01800154969 /* ProfilesViewController.swift */; };
		EB7FF6E628986A6600FF87D3 /* SleepReportsViewController.swift in Sources */ = {isa = PBXBuildFile; fileRef = EB7FF6E528986A6600FF87D3 /* SleepReportsViewController.swift */; };
		EBB638E32914520200F5565F /* FormTextTableViewCell.swift in Sources */ = {isa = PBXBuildFile; fileRef = EBB638E22914520200F5565F /* FormTextTableViewCell.swift */; };
		EBB638E52914520F00F5565F /* FormQuestionTableViewCell.swift in Sources */ = {isa = PBXBuildFile; fileRef = EBB638E42914520F00F5565F /* FormQuestionTableViewCell.swift */; };
		EBB638E72914521C00F5565F /* FormApptTableViewCell.swift in Sources */ = {isa = PBXBuildFile; fileRef = EBB638E62914521C00F5565F /* FormApptTableViewCell.swift */; };
		EBB638E92914522800F5565F /* FormProviderTableViewCell.swift in Sources */ = {isa = PBXBuildFile; fileRef = EBB638E82914522800F5565F /* FormProviderTableViewCell.swift */; };
		EBBD569727ADEA42005121C8 /* ProvidersViewController.swift in Sources */ = {isa = PBXBuildFile; fileRef = EBBD569627ADEA42005121C8 /* ProvidersViewController.swift */; };
		EBBD569927ADEAE4005121C8 /* DevelopmentViewController.swift in Sources */ = {isa = PBXBuildFile; fileRef = EBBD569827ADEAE4005121C8 /* DevelopmentViewController.swift */; };
		EBBD569B27ADFE2F005121C8 /* SleepViewController.swift in Sources */ = {isa = PBXBuildFile; fileRef = EBBD569A27ADFE2F005121C8 /* SleepViewController.swift */; };
		EBBD569D27AE034B005121C8 /* ActivityViewController.swift in Sources */ = {isa = PBXBuildFile; fileRef = EBBD569C27AE034B005121C8 /* ActivityViewController.swift */; };
		EBD02BF1289D994F0005A030 /* MilestoneCellTableViewCell.swift in Sources */ = {isa = PBXBuildFile; fileRef = EBD02BEF289D994F0005A030 /* MilestoneCellTableViewCell.swift */; };
		EBD02BF2289D994F0005A030 /* MilestoneCellTableViewCell.xib in Resources */ = {isa = PBXBuildFile; fileRef = EBD02BF0289D994F0005A030 /* MilestoneCellTableViewCell.xib */; };
		EBE099B72739B43000F056A0 /* AppDelegate.swift in Sources */ = {isa = PBXBuildFile; fileRef = EBE099B62739B43000F056A0 /* AppDelegate.swift */; };
		EBE099B92739B43000F056A0 /* SceneDelegate.swift in Sources */ = {isa = PBXBuildFile; fileRef = EBE099B82739B43000F056A0 /* SceneDelegate.swift */; };
		EBE099BB2739B43000F056A0 /* LoginViewController.swift in Sources */ = {isa = PBXBuildFile; fileRef = EBE099BA2739B43000F056A0 /* LoginViewController.swift */; };
		EBE099BE2739B43000F056A0 /* Main.storyboard in Resources */ = {isa = PBXBuildFile; fileRef = EBE099BC2739B43000F056A0 /* Main.storyboard */; };
		EBE099C02739B43100F056A0 /* Assets.xcassets in Resources */ = {isa = PBXBuildFile; fileRef = EBE099BF2739B43100F056A0 /* Assets.xcassets */; };
		EBE099C32739B43100F056A0 /* LaunchScreen.storyboard in Resources */ = {isa = PBXBuildFile; fileRef = EBE099C12739B43100F056A0 /* LaunchScreen.storyboard */; };
		EBE099CE2739B43100F056A0 /* _21connect_iosTests.swift in Sources */ = {isa = PBXBuildFile; fileRef = EBE099CD2739B43100F056A0 /* _21connect_iosTests.swift */; };
		EBE099D82739B43100F056A0 /* _21connect_iosUITests.swift in Sources */ = {isa = PBXBuildFile; fileRef = EBE099D72739B43100F056A0 /* _21connect_iosUITests.swift */; };
		EBE099DA2739B43100F056A0 /* _21connect_iosUITestsLaunchTests.swift in Sources */ = {isa = PBXBuildFile; fileRef = EBE099D92739B43100F056A0 /* _21connect_iosUITestsLaunchTests.swift */; };
		EBE099E72739BA2000F056A0 /* HomeScreenViewControllerExt.swift in Sources */ = {isa = PBXBuildFile; fileRef = EBE099E62739BA2000F056A0 /* HomeScreenViewControllerExt.swift */; };
		EBE1EF1C287248BA00605F93 /* ResourcesViewController.swift in Sources */ = {isa = PBXBuildFile; fileRef = EBE1EF1B287248BA00605F93 /* ResourcesViewController.swift */; };
		EBE1EF5A287CCDF700605F93 /* WebViewController.swift in Sources */ = {isa = PBXBuildFile; fileRef = EBE1EF59287CCDF700605F93 /* WebViewController.swift */; };
		EBE4153B289A049F00014641 /* SleepCycleViewController.swift in Sources */ = {isa = PBXBuildFile; fileRef = EBE4153A289A049F00014641 /* SleepCycleViewController.swift */; };
		EBFFE10928998F7100DA05F6 /* NewbornViewController.swift in Sources */ = {isa = PBXBuildFile; fileRef = EBFFE10828998F7100DA05F6 /* NewbornViewController.swift */; };
		EBFFE10B28998F9000DA05F6 /* TwoMonthsViewController.swift in Sources */ = {isa = PBXBuildFile; fileRef = EBFFE10A28998F9000DA05F6 /* TwoMonthsViewController.swift */; };
		EBFFE10D28998F9C00DA05F6 /* FourMonthsViewController.swift in Sources */ = {isa = PBXBuildFile; fileRef = EBFFE10C28998F9C00DA05F6 /* FourMonthsViewController.swift */; };
		EBFFE10F28998FB100DA05F6 /* SixMonthsViewController.swift in Sources */ = {isa = PBXBuildFile; fileRef = EBFFE10E28998FB100DA05F6 /* SixMonthsViewController.swift */; };
		EBFFE11128998FC000DA05F6 /* NineMonthsViewController.swift in Sources */ = {isa = PBXBuildFile; fileRef = EBFFE11028998FC000DA05F6 /* NineMonthsViewController.swift */; };
		EBFFE11328998FCF00DA05F6 /* TwelveMonthsViewController.swift in Sources */ = {isa = PBXBuildFile; fileRef = EBFFE11228998FCF00DA05F6 /* TwelveMonthsViewController.swift */; };
		EBFFE11528998FDC00DA05F6 /* FifteenMonthsViewController.swift in Sources */ = {isa = PBXBuildFile; fileRef = EBFFE11428998FDC00DA05F6 /* FifteenMonthsViewController.swift */; };
		EBFFE11728998FEA00DA05F6 /* EighteenMonthsViewController.swift in Sources */ = {isa = PBXBuildFile; fileRef = EBFFE11628998FEA00DA05F6 /* EighteenMonthsViewController.swift */; };
		EBFFE11928998FF300DA05F6 /* TwoYearsViewController.swift in Sources */ = {isa = PBXBuildFile; fileRef = EBFFE11828998FF300DA05F6 /* TwoYearsViewController.swift */; };
		EBFFE11B2899900200DA05F6 /* ThirtyMonthsViewController.swift in Sources */ = {isa = PBXBuildFile; fileRef = EBFFE11A2899900200DA05F6 /* ThirtyMonthsViewController.swift */; };
		EBFFE11D2899901100DA05F6 /* ThreeYearsViewController.swift in Sources */ = {isa = PBXBuildFile; fileRef = EBFFE11C2899901100DA05F6 /* ThreeYearsViewController.swift */; };
		EBFFE11F2899901A00DA05F6 /* FourYearsViewController.swift in Sources */ = {isa = PBXBuildFile; fileRef = EBFFE11E2899901A00DA05F6 /* FourYearsViewController.swift */; };
		EBFFE1212899902500DA05F6 /* FiveYearsViewController.swift in Sources */ = {isa = PBXBuildFile; fileRef = EBFFE1202899902500DA05F6 /* FiveYearsViewController.swift */; };
		EBFFE1232899903100DA05F6 /* SixYearsViewController.swift in Sources */ = {isa = PBXBuildFile; fileRef = EBFFE1222899903100DA05F6 /* SixYearsViewController.swift */; };
		EBFFE1252899903A00DA05F6 /* SevenYearsViewController.swift in Sources */ = {isa = PBXBuildFile; fileRef = EBFFE1242899903A00DA05F6 /* SevenYearsViewController.swift */; };
		EBFFE1272899904600DA05F6 /* EightYearsViewController.swift in Sources */ = {isa = PBXBuildFile; fileRef = EBFFE1262899904600DA05F6 /* EightYearsViewController.swift */; };
		EBFFE1292899905100DA05F6 /* NineYearsViewController.swift in Sources */ = {isa = PBXBuildFile; fileRef = EBFFE1282899905100DA05F6 /* NineYearsViewController.swift */; };
		EBFFE12B2899906500DA05F6 /* TenYearsViewController.swift in Sources */ = {isa = PBXBuildFile; fileRef = EBFFE12A2899906500DA05F6 /* TenYearsViewController.swift */; };
		EBFFE12D2899907600DA05F6 /* ElevenYearsViewController.swift in Sources */ = {isa = PBXBuildFile; fileRef = EBFFE12C2899907600DA05F6 /* ElevenYearsViewController.swift */; };
		EBFFE12F2899908000DA05F6 /* TwelveYearsViewController.swift in Sources */ = {isa = PBXBuildFile; fileRef = EBFFE12E2899908000DA05F6 /* TwelveYearsViewController.swift */; };
		EBFFE131289990B700DA05F6 /* NoAgeVisitViewController.swift in Sources */ = {isa = PBXBuildFile; fileRef = EBFFE130289990B700DA05F6 /* NoAgeVisitViewController.swift */; };
		EBFFE133289990E400DA05F6 /* DoctorVisitViewController.swift in Sources */ = {isa = PBXBuildFile; fileRef = EBFFE132289990E400DA05F6 /* DoctorVisitViewController.swift */; };
		EBFFE13528999DD000DA05F6 /* MedicalViewController.swift in Sources */ = {isa = PBXBuildFile; fileRef = EBFFE13428999DD000DA05F6 /* MedicalViewController.swift */; };
		EBFFE13728999E2300DA05F6 /* VaccinationViewController.swift in Sources */ = {isa = PBXBuildFile; fileRef = EBFFE13628999E2300DA05F6 /* VaccinationViewController.swift */; };
		EBFFE13928999E4400DA05F6 /* MedicationViewController.swift in Sources */ = {isa = PBXBuildFile; fileRef = EBFFE13828999E4400DA05F6 /* MedicationViewController.swift */; };
		FE19E60F288F7E850020A0DD /* BathroomViewController.swift in Sources */ = {isa = PBXBuildFile; fileRef = FE19E60E288F7E850020A0DD /* BathroomViewController.swift */; };
		FE19E611288F7E940020A0DD /* DiaperViewController.swift in Sources */ = {isa = PBXBuildFile; fileRef = FE19E610288F7E940020A0DD /* DiaperViewController.swift */; };
		FE19E613288F7EA40020A0DD /* ConstipationViewController.swift in Sources */ = {isa = PBXBuildFile; fileRef = FE19E612288F7EA40020A0DD /* ConstipationViewController.swift */; };
		FE19E615288F7EB10020A0DD /* PottyViewController.swift in Sources */ = {isa = PBXBuildFile; fileRef = FE19E614288F7EB10020A0DD /* PottyViewController.swift */; };
		FE19E6172891DD4C0020A0DD /* ParentCaregiverViewController.swift in Sources */ = {isa = PBXBuildFile; fileRef = FE19E6162891DD4C0020A0DD /* ParentCaregiverViewController.swift */; };
		FE8B1D7A2979F69A006150D0 /* MedicationAddition.swift in Sources */ = {isa = PBXBuildFile; fileRef = FE8B1D792979F699006150D0 /* MedicationAddition.swift */; };
		FEBFC9AC28CFC79000E0F299 /* 321ConnectDatabase.xcdatamodeld in Sources */ = {isa = PBXBuildFile; fileRef = FEBFC9AA28CFC79000E0F299 /* 321ConnectDatabase.xcdatamodeld */; };
		FEBFC9AE28CFCCC000E0F299 /* MessageView.swift in Sources */ = {isa = PBXBuildFile; fileRef = FEBFC9AD28CFCCC000E0F299 /* MessageView.swift */; };
/* End PBXBuildFile section */

/* Begin PBXContainerItemProxy section */
		EBE099CA2739B43100F056A0 /* PBXContainerItemProxy */ = {
			isa = PBXContainerItemProxy;
			containerPortal = EBE099AB2739B43000F056A0 /* Project object */;
			proxyType = 1;
			remoteGlobalIDString = EBE099B22739B43000F056A0;
			remoteInfo = "321connect-ios";
		};
		EBE099D42739B43100F056A0 /* PBXContainerItemProxy */ = {
			isa = PBXContainerItemProxy;
			containerPortal = EBE099AB2739B43000F056A0 /* Project object */;
			proxyType = 1;
			remoteGlobalIDString = EBE099B22739B43000F056A0;
			remoteInfo = "321connect-ios";
		};
/* End PBXContainerItemProxy section */

/* Begin PBXFileReference section */
		389B085E2931B29C0058A8B4 /* Lato2OFL */ = {isa = PBXFileReference; fileEncoding = 4; lastKnownFileType = text; name = Lato2OFL; path = Fonts/Lato2OFL; sourceTree = SOURCE_ROOT; };
		EB022C9B292D18070046C27A /* Lato-HeavyItalic.ttf */ = {isa = PBXFileReference; lastKnownFileType = file; path = "Lato-HeavyItalic.ttf"; sourceTree = "<group>"; };
		EB022C9C292D18070046C27A /* Lato-Italic.ttf */ = {isa = PBXFileReference; lastKnownFileType = file; path = "Lato-Italic.ttf"; sourceTree = "<group>"; };
		EB022C9D292D18070046C27A /* Lato-LightItalic.ttf */ = {isa = PBXFileReference; lastKnownFileType = file; path = "Lato-LightItalic.ttf"; sourceTree = "<group>"; };
		EB022C9E292D18070046C27A /* Lato-Thin.ttf */ = {isa = PBXFileReference; lastKnownFileType = file; path = "Lato-Thin.ttf"; sourceTree = "<group>"; };
		EB022C9F292D18070046C27A /* Lato-Bold.ttf */ = {isa = PBXFileReference; lastKnownFileType = file; path = "Lato-Bold.ttf"; sourceTree = "<group>"; };
		EB022CA0292D18070046C27A /* Lato-Black.ttf */ = {isa = PBXFileReference; lastKnownFileType = file; path = "Lato-Black.ttf"; sourceTree = "<group>"; };
		EB022CA1292D18070046C27A /* Lato-SemiboldItalic.ttf */ = {isa = PBXFileReference; lastKnownFileType = file; path = "Lato-SemiboldItalic.ttf"; sourceTree = "<group>"; };
		EB022CA2292D18070046C27A /* Lato-HairlineItalic.ttf */ = {isa = PBXFileReference; lastKnownFileType = file; path = "Lato-HairlineItalic.ttf"; sourceTree = "<group>"; };
		EB022CA3292D18070046C27A /* Lato-Regular.ttf */ = {isa = PBXFileReference; lastKnownFileType = file; path = "Lato-Regular.ttf"; sourceTree = "<group>"; };
		EB022CA4292D18070046C27A /* Lato-Hairline.ttf */ = {isa = PBXFileReference; lastKnownFileType = file; path = "Lato-Hairline.ttf"; sourceTree = "<group>"; };
		EB022CA5292D18070046C27A /* Lato-BlackItalic.ttf */ = {isa = PBXFileReference; lastKnownFileType = file; path = "Lato-BlackItalic.ttf"; sourceTree = "<group>"; };
		EB022CA6292D18070046C27A /* Lato-Semibold.ttf */ = {isa = PBXFileReference; lastKnownFileType = file; path = "Lato-Semibold.ttf"; sourceTree = "<group>"; };
		EB022CA7292D18070046C27A /* Lato-MediumItalic.ttf */ = {isa = PBXFileReference; lastKnownFileType = file; path = "Lato-MediumItalic.ttf"; sourceTree = "<group>"; };
		EB022CA8292D18070046C27A /* OFL.txt */ = {isa = PBXFileReference; lastKnownFileType = text; path = OFL.txt; sourceTree = "<group>"; };
		EB022CA9292D18070046C27A /* Lato-Heavy.ttf */ = {isa = PBXFileReference; lastKnownFileType = file; path = "Lato-Heavy.ttf"; sourceTree = "<group>"; };
		EB022CAA292D18070046C27A /* README.txt */ = {isa = PBXFileReference; lastKnownFileType = text; path = README.txt; sourceTree = "<group>"; };
		EB022CAB292D18070046C27A /* Lato-BoldItalic.ttf */ = {isa = PBXFileReference; lastKnownFileType = file; path = "Lato-BoldItalic.ttf"; sourceTree = "<group>"; };
		EB022CAC292D18070046C27A /* Lato-Light.ttf */ = {isa = PBXFileReference; lastKnownFileType = file; path = "Lato-Light.ttf"; sourceTree = "<group>"; };
		EB022CAD292D18070046C27A /* Lato-Medium.ttf */ = {isa = PBXFileReference; lastKnownFileType = file; path = "Lato-Medium.ttf"; sourceTree = "<group>"; };
		EB022CAE292D18070046C27A /* Lato-ThinItalic.ttf */ = {isa = PBXFileReference; lastKnownFileType = file; path = "Lato-ThinItalic.ttf"; sourceTree = "<group>"; };
		EB0E61C5291D621F000C7B42 /* FormNotesTableViewCell.swift */ = {isa = PBXFileReference; lastKnownFileType = sourcecode.swift; path = FormNotesTableViewCell.swift; sourceTree = "<group>"; };
		EB24C85F285BE06600D7922A /* FeedViewController.swift */ = {isa = PBXFileReference; lastKnownFileType = sourcecode.swift; path = FeedViewController.swift; sourceTree = "<group>"; };
		EB24C867285D309700D7922A /* SolidFeedViewController.swift */ = {isa = PBXFileReference; lastKnownFileType = sourcecode.swift; path = SolidFeedViewController.swift; sourceTree = "<group>"; };
		EB24C869285D30CC00D7922A /* FluidFeedViewController.swift */ = {isa = PBXFileReference; lastKnownFileType = sourcecode.swift; path = FluidFeedViewController.swift; sourceTree = "<group>"; };
		EB24C86B286656C100D7922A /* BehaviorViewController.swift */ = {isa = PBXFileReference; lastKnownFileType = sourcecode.swift; path = BehaviorViewController.swift; sourceTree = "<group>"; };
		EB35918B27C9A14A00FE651D /* ChildInformationViewController.swift */ = {isa = PBXFileReference; lastKnownFileType = sourcecode.swift; path = ChildInformationViewController.swift; sourceTree = "<group>"; };
		EB3A328C27A362CC00B96417 /* SignUpViewController.swift */ = {isa = PBXFileReference; lastKnownFileType = sourcecode.swift; path = SignUpViewController.swift; sourceTree = "<group>"; };
		EB4335A128905DE30037CDEF /* ProfileHeaderView.swift */ = {isa = PBXFileReference; lastKnownFileType = sourcecode.swift; path = ProfileHeaderView.swift; sourceTree = "<group>"; };
		EB4335A228905DE30037CDEF /* ProfileHeaderView.xib */ = {isa = PBXFileReference; lastKnownFileType = file.xib; path = ProfileHeaderView.xib; sourceTree = "<group>"; };
		EB51422827B76FDE0030EDB3 /* HomeScreenViewController.swift */ = {isa = PBXFileReference; lastKnownFileType = sourcecode.swift; path = HomeScreenViewController.swift; sourceTree = "<group>"; };
		EB5EF2EE2890702700711E39 /* HistoryTableViewController.swift */ = {isa = PBXFileReference; lastKnownFileType = sourcecode.swift; path = HistoryTableViewController.swift; sourceTree = "<group>"; };
		EB5EF2F22892132F00711E39 /* UserResourceCell.swift */ = {isa = PBXFileReference; fileEncoding = 4; lastKnownFileType = sourcecode.swift; path = UserResourceCell.swift; sourceTree = "<group>"; };
		EB5EF2F42892135100711E39 /* CustomTableViewCell.swift */ = {isa = PBXFileReference; fileEncoding = 4; lastKnownFileType = sourcecode.swift; path = CustomTableViewCell.swift; sourceTree = "<group>"; };
		EB6A17AD27AB645D0069428E /* JournalViewController.swift */ = {isa = PBXFileReference; lastKnownFileType = sourcecode.swift; path = JournalViewController.swift; sourceTree = "<group>"; };
		EB6E061528D5541B0023BA00 /* DoctorsVisitViewController.swift */ = {isa = PBXFileReference; lastKnownFileType = sourcecode.swift; path = DoctorsVisitViewController.swift; sourceTree = "<group>"; };
		EB7978172852D01800154969 /* ProfilesViewController.swift */ = {isa = PBXFileReference; lastKnownFileType = sourcecode.swift; path = ProfilesViewController.swift; sourceTree = "<group>"; };
		EB7FF6E528986A6600FF87D3 /* SleepReportsViewController.swift */ = {isa = PBXFileReference; lastKnownFileType = sourcecode.swift; path = SleepReportsViewController.swift; sourceTree = "<group>"; };
		EBB638E22914520200F5565F /* FormTextTableViewCell.swift */ = {isa = PBXFileReference; lastKnownFileType = sourcecode.swift; path = FormTextTableViewCell.swift; sourceTree = "<group>"; };
		EBB638E42914520F00F5565F /* FormQuestionTableViewCell.swift */ = {isa = PBXFileReference; lastKnownFileType = sourcecode.swift; path = FormQuestionTableViewCell.swift; sourceTree = "<group>"; };
		EBB638E62914521C00F5565F /* FormApptTableViewCell.swift */ = {isa = PBXFileReference; lastKnownFileType = sourcecode.swift; path = FormApptTableViewCell.swift; sourceTree = "<group>"; };
		EBB638E82914522800F5565F /* FormProviderTableViewCell.swift */ = {isa = PBXFileReference; lastKnownFileType = sourcecode.swift; path = FormProviderTableViewCell.swift; sourceTree = "<group>"; };
		EBBD569627ADEA42005121C8 /* ProvidersViewController.swift */ = {isa = PBXFileReference; lastKnownFileType = sourcecode.swift; path = ProvidersViewController.swift; sourceTree = "<group>"; };
		EBBD569827ADEAE4005121C8 /* DevelopmentViewController.swift */ = {isa = PBXFileReference; lastKnownFileType = sourcecode.swift; path = DevelopmentViewController.swift; sourceTree = "<group>"; };
		EBBD569A27ADFE2F005121C8 /* SleepViewController.swift */ = {isa = PBXFileReference; lastKnownFileType = sourcecode.swift; path = SleepViewController.swift; sourceTree = "<group>"; };
		EBBD569C27AE034B005121C8 /* ActivityViewController.swift */ = {isa = PBXFileReference; lastKnownFileType = sourcecode.swift; path = ActivityViewController.swift; sourceTree = "<group>"; };
		EBD02BEF289D994F0005A030 /* MilestoneCellTableViewCell.swift */ = {isa = PBXFileReference; lastKnownFileType = sourcecode.swift; path = MilestoneCellTableViewCell.swift; sourceTree = "<group>"; };
		EBD02BF0289D994F0005A030 /* MilestoneCellTableViewCell.xib */ = {isa = PBXFileReference; lastKnownFileType = file.xib; path = MilestoneCellTableViewCell.xib; sourceTree = "<group>"; };
		EBE099B32739B43000F056A0 /* 321connect-ios.app */ = {isa = PBXFileReference; explicitFileType = wrapper.application; includeInIndex = 0; path = "321connect-ios.app"; sourceTree = BUILT_PRODUCTS_DIR; };
		EBE099B62739B43000F056A0 /* AppDelegate.swift */ = {isa = PBXFileReference; lastKnownFileType = sourcecode.swift; path = AppDelegate.swift; sourceTree = "<group>"; };
		EBE099B82739B43000F056A0 /* SceneDelegate.swift */ = {isa = PBXFileReference; lastKnownFileType = sourcecode.swift; path = SceneDelegate.swift; sourceTree = "<group>"; };
		EBE099BA2739B43000F056A0 /* LoginViewController.swift */ = {isa = PBXFileReference; lastKnownFileType = sourcecode.swift; path = LoginViewController.swift; sourceTree = "<group>"; };
		EBE099BD2739B43000F056A0 /* Base */ = {isa = PBXFileReference; lastKnownFileType = file.storyboard; name = Base; path = Base.lproj/Main.storyboard; sourceTree = "<group>"; };
		EBE099BF2739B43100F056A0 /* Assets.xcassets */ = {isa = PBXFileReference; lastKnownFileType = folder.assetcatalog; path = Assets.xcassets; sourceTree = "<group>"; };
		EBE099C22739B43100F056A0 /* Base */ = {isa = PBXFileReference; lastKnownFileType = file.storyboard; name = Base; path = Base.lproj/LaunchScreen.storyboard; sourceTree = "<group>"; };
		EBE099C42739B43100F056A0 /* Info.plist */ = {isa = PBXFileReference; lastKnownFileType = text.plist.xml; path = Info.plist; sourceTree = "<group>"; };
		EBE099C92739B43100F056A0 /* 321connect-iosTests.xctest */ = {isa = PBXFileReference; explicitFileType = wrapper.cfbundle; includeInIndex = 0; path = "321connect-iosTests.xctest"; sourceTree = BUILT_PRODUCTS_DIR; };
		EBE099CD2739B43100F056A0 /* _21connect_iosTests.swift */ = {isa = PBXFileReference; lastKnownFileType = sourcecode.swift; path = _21connect_iosTests.swift; sourceTree = "<group>"; };
		EBE099D32739B43100F056A0 /* 321connect-iosUITests.xctest */ = {isa = PBXFileReference; explicitFileType = wrapper.cfbundle; includeInIndex = 0; path = "321connect-iosUITests.xctest"; sourceTree = BUILT_PRODUCTS_DIR; };
		EBE099D72739B43100F056A0 /* _21connect_iosUITests.swift */ = {isa = PBXFileReference; lastKnownFileType = sourcecode.swift; path = _21connect_iosUITests.swift; sourceTree = "<group>"; };
		EBE099D92739B43100F056A0 /* _21connect_iosUITestsLaunchTests.swift */ = {isa = PBXFileReference; lastKnownFileType = sourcecode.swift; path = _21connect_iosUITestsLaunchTests.swift; sourceTree = "<group>"; };
		EBE099E62739BA2000F056A0 /* HomeScreenViewControllerExt.swift */ = {isa = PBXFileReference; lastKnownFileType = sourcecode.swift; path = HomeScreenViewControllerExt.swift; sourceTree = "<group>"; };
		EBE1EF1B287248BA00605F93 /* ResourcesViewController.swift */ = {isa = PBXFileReference; lastKnownFileType = sourcecode.swift; path = ResourcesViewController.swift; sourceTree = "<group>"; };
		EBE1EF59287CCDF700605F93 /* WebViewController.swift */ = {isa = PBXFileReference; lastKnownFileType = sourcecode.swift; path = WebViewController.swift; sourceTree = "<group>"; };
		EBE4153A289A049F00014641 /* SleepCycleViewController.swift */ = {isa = PBXFileReference; lastKnownFileType = sourcecode.swift; path = SleepCycleViewController.swift; sourceTree = "<group>"; };
		EBFFE10828998F7100DA05F6 /* NewbornViewController.swift */ = {isa = PBXFileReference; lastKnownFileType = sourcecode.swift; path = NewbornViewController.swift; sourceTree = "<group>"; };
		EBFFE10A28998F9000DA05F6 /* TwoMonthsViewController.swift */ = {isa = PBXFileReference; lastKnownFileType = sourcecode.swift; path = TwoMonthsViewController.swift; sourceTree = "<group>"; };
		EBFFE10C28998F9C00DA05F6 /* FourMonthsViewController.swift */ = {isa = PBXFileReference; lastKnownFileType = sourcecode.swift; path = FourMonthsViewController.swift; sourceTree = "<group>"; };
		EBFFE10E28998FB100DA05F6 /* SixMonthsViewController.swift */ = {isa = PBXFileReference; lastKnownFileType = sourcecode.swift; path = SixMonthsViewController.swift; sourceTree = "<group>"; };
		EBFFE11028998FC000DA05F6 /* NineMonthsViewController.swift */ = {isa = PBXFileReference; lastKnownFileType = sourcecode.swift; path = NineMonthsViewController.swift; sourceTree = "<group>"; };
		EBFFE11228998FCF00DA05F6 /* TwelveMonthsViewController.swift */ = {isa = PBXFileReference; lastKnownFileType = sourcecode.swift; path = TwelveMonthsViewController.swift; sourceTree = "<group>"; };
		EBFFE11428998FDC00DA05F6 /* FifteenMonthsViewController.swift */ = {isa = PBXFileReference; lastKnownFileType = sourcecode.swift; path = FifteenMonthsViewController.swift; sourceTree = "<group>"; };
		EBFFE11628998FEA00DA05F6 /* EighteenMonthsViewController.swift */ = {isa = PBXFileReference; lastKnownFileType = sourcecode.swift; path = EighteenMonthsViewController.swift; sourceTree = "<group>"; };
		EBFFE11828998FF300DA05F6 /* TwoYearsViewController.swift */ = {isa = PBXFileReference; lastKnownFileType = sourcecode.swift; path = TwoYearsViewController.swift; sourceTree = "<group>"; };
		EBFFE11A2899900200DA05F6 /* ThirtyMonthsViewController.swift */ = {isa = PBXFileReference; lastKnownFileType = sourcecode.swift; path = ThirtyMonthsViewController.swift; sourceTree = "<group>"; };
		EBFFE11C2899901100DA05F6 /* ThreeYearsViewController.swift */ = {isa = PBXFileReference; lastKnownFileType = sourcecode.swift; path = ThreeYearsViewController.swift; sourceTree = "<group>"; };
		EBFFE11E2899901A00DA05F6 /* FourYearsViewController.swift */ = {isa = PBXFileReference; lastKnownFileType = sourcecode.swift; path = FourYearsViewController.swift; sourceTree = "<group>"; };
		EBFFE1202899902500DA05F6 /* FiveYearsViewController.swift */ = {isa = PBXFileReference; lastKnownFileType = sourcecode.swift; path = FiveYearsViewController.swift; sourceTree = "<group>"; };
		EBFFE1222899903100DA05F6 /* SixYearsViewController.swift */ = {isa = PBXFileReference; lastKnownFileType = sourcecode.swift; path = SixYearsViewController.swift; sourceTree = "<group>"; };
		EBFFE1242899903A00DA05F6 /* SevenYearsViewController.swift */ = {isa = PBXFileReference; lastKnownFileType = sourcecode.swift; path = SevenYearsViewController.swift; sourceTree = "<group>"; };
		EBFFE1262899904600DA05F6 /* EightYearsViewController.swift */ = {isa = PBXFileReference; lastKnownFileType = sourcecode.swift; path = EightYearsViewController.swift; sourceTree = "<group>"; };
		EBFFE1282899905100DA05F6 /* NineYearsViewController.swift */ = {isa = PBXFileReference; lastKnownFileType = sourcecode.swift; path = NineYearsViewController.swift; sourceTree = "<group>"; };
		EBFFE12A2899906500DA05F6 /* TenYearsViewController.swift */ = {isa = PBXFileReference; lastKnownFileType = sourcecode.swift; path = TenYearsViewController.swift; sourceTree = "<group>"; };
		EBFFE12C2899907600DA05F6 /* ElevenYearsViewController.swift */ = {isa = PBXFileReference; lastKnownFileType = sourcecode.swift; path = ElevenYearsViewController.swift; sourceTree = "<group>"; };
		EBFFE12E2899908000DA05F6 /* TwelveYearsViewController.swift */ = {isa = PBXFileReference; lastKnownFileType = sourcecode.swift; path = TwelveYearsViewController.swift; sourceTree = "<group>"; };
		EBFFE130289990B700DA05F6 /* NoAgeVisitViewController.swift */ = {isa = PBXFileReference; lastKnownFileType = sourcecode.swift; path = NoAgeVisitViewController.swift; sourceTree = "<group>"; };
		EBFFE132289990E400DA05F6 /* DoctorVisitViewController.swift */ = {isa = PBXFileReference; lastKnownFileType = sourcecode.swift; path = DoctorVisitViewController.swift; sourceTree = "<group>"; };
		EBFFE13428999DD000DA05F6 /* MedicalViewController.swift */ = {isa = PBXFileReference; lastKnownFileType = sourcecode.swift; path = MedicalViewController.swift; sourceTree = "<group>"; };
		EBFFE13628999E2300DA05F6 /* VaccinationViewController.swift */ = {isa = PBXFileReference; lastKnownFileType = sourcecode.swift; path = VaccinationViewController.swift; sourceTree = "<group>"; };
		EBFFE13828999E4400DA05F6 /* MedicationViewController.swift */ = {isa = PBXFileReference; lastKnownFileType = sourcecode.swift; path = MedicationViewController.swift; sourceTree = "<group>"; };
		FE19E60E288F7E850020A0DD /* BathroomViewController.swift */ = {isa = PBXFileReference; fileEncoding = 4; lastKnownFileType = sourcecode.swift; path = BathroomViewController.swift; sourceTree = "<group>"; };
		FE19E610288F7E940020A0DD /* DiaperViewController.swift */ = {isa = PBXFileReference; fileEncoding = 4; lastKnownFileType = sourcecode.swift; path = DiaperViewController.swift; sourceTree = "<group>"; };
		FE19E612288F7EA40020A0DD /* ConstipationViewController.swift */ = {isa = PBXFileReference; fileEncoding = 4; lastKnownFileType = sourcecode.swift; path = ConstipationViewController.swift; sourceTree = "<group>"; };
		FE19E614288F7EB10020A0DD /* PottyViewController.swift */ = {isa = PBXFileReference; fileEncoding = 4; lastKnownFileType = sourcecode.swift; path = PottyViewController.swift; sourceTree = "<group>"; };
		FE19E6162891DD4C0020A0DD /* ParentCaregiverViewController.swift */ = {isa = PBXFileReference; lastKnownFileType = sourcecode.swift; path = ParentCaregiverViewController.swift; sourceTree = "<group>"; };
		FE8B1D792979F699006150D0 /* MedicationAddition.swift */ = {isa = PBXFileReference; lastKnownFileType = sourcecode.swift; path = MedicationAddition.swift; sourceTree = "<group>"; };
		FEBFC9AB28CFC79000E0F299 /* 321ConnectDatabase.xcdatamodel */ = {isa = PBXFileReference; lastKnownFileType = wrapper.xcdatamodel; path = 321ConnectDatabase.xcdatamodel; sourceTree = "<group>"; };
		FEBFC9AD28CFCCC000E0F299 /* MessageView.swift */ = {isa = PBXFileReference; fileEncoding = 4; lastKnownFileType = sourcecode.swift; path = MessageView.swift; sourceTree = "<group>"; };
/* End PBXFileReference section */

/* Begin PBXFrameworksBuildPhase section */
		EBE099B02739B43000F056A0 /* Frameworks */ = {
			isa = PBXFrameworksBuildPhase;
			buildActionMask = 2147483647;
			files = (
			);
			runOnlyForDeploymentPostprocessing = 0;
		};
		EBE099C62739B43100F056A0 /* Frameworks */ = {
			isa = PBXFrameworksBuildPhase;
			buildActionMask = 2147483647;
			files = (
			);
			runOnlyForDeploymentPostprocessing = 0;
		};
		EBE099D02739B43100F056A0 /* Frameworks */ = {
			isa = PBXFrameworksBuildPhase;
			buildActionMask = 2147483647;
			files = (
			);
			runOnlyForDeploymentPostprocessing = 0;
		};
/* End PBXFrameworksBuildPhase section */

/* Begin PBXGroup section */
		EB022C9A292D18070046C27A /* Lato2OFL */ = {
			isa = PBXGroup;
			children = (
				EB022C9B292D18070046C27A /* Lato-HeavyItalic.ttf */,
				EB022C9C292D18070046C27A /* Lato-Italic.ttf */,
				EB022C9D292D18070046C27A /* Lato-LightItalic.ttf */,
				EB022C9E292D18070046C27A /* Lato-Thin.ttf */,
				EB022C9F292D18070046C27A /* Lato-Bold.ttf */,
				EB022CA0292D18070046C27A /* Lato-Black.ttf */,
				EB022CA1292D18070046C27A /* Lato-SemiboldItalic.ttf */,
				EB022CA2292D18070046C27A /* Lato-HairlineItalic.ttf */,
				EB022CA3292D18070046C27A /* Lato-Regular.ttf */,
				EB022CA4292D18070046C27A /* Lato-Hairline.ttf */,
				EB022CA5292D18070046C27A /* Lato-BlackItalic.ttf */,
				EB022CA6292D18070046C27A /* Lato-Semibold.ttf */,
				EB022CA7292D18070046C27A /* Lato-MediumItalic.ttf */,
				EB022CA8292D18070046C27A /* OFL.txt */,
				EB022CA9292D18070046C27A /* Lato-Heavy.ttf */,
				EB022CAA292D18070046C27A /* README.txt */,
				EB022CAB292D18070046C27A /* Lato-BoldItalic.ttf */,
				EB022CAC292D18070046C27A /* Lato-Light.ttf */,
				EB022CAD292D18070046C27A /* Lato-Medium.ttf */,
				EB022CAE292D18070046C27A /* Lato-ThinItalic.ttf */,
			);
			path = Lato2OFL;
			sourceTree = "<group>";
		};
		EB022CAF292D181A0046C27A /* Fonts */ = {
			isa = PBXGroup;
			children = (
				EB022C9A292D18070046C27A /* Lato2OFL */,
			);
			path = Fonts;
			sourceTree = "<group>";
		};
		EB4335A528905E340037CDEF /* Custom Cells */ = {
			isa = PBXGroup;
			children = (
				EB5EF2F22892132F00711E39 /* UserResourceCell.swift */,
				EB5EF2F42892135100711E39 /* CustomTableViewCell.swift */,
				EBD02BEF289D994F0005A030 /* MilestoneCellTableViewCell.swift */,
				EBD02BF0289D994F0005A030 /* MilestoneCellTableViewCell.xib */,
				EB4335A128905DE30037CDEF /* ProfileHeaderView.swift */,
				EB4335A228905DE30037CDEF /* ProfileHeaderView.xib */,
				EBB638E22914520200F5565F /* FormTextTableViewCell.swift */,
				EBB638E42914520F00F5565F /* FormQuestionTableViewCell.swift */,
				EBB638E62914521C00F5565F /* FormApptTableViewCell.swift */,
				EBB638E82914522800F5565F /* FormProviderTableViewCell.swift */,
				EB0E61C5291D621F000C7B42 /* FormNotesTableViewCell.swift */,
			);
			path = "Custom Cells";
			sourceTree = "<group>";
		};
		EBA9C6D528B721C500779A2B /* Profile Types */ = {
			isa = PBXGroup;
			children = (
				EB35918B27C9A14A00FE651D /* ChildInformationViewController.swift */,
				EBBD569627ADEA42005121C8 /* ProvidersViewController.swift */,
				FE19E6162891DD4C0020A0DD /* ParentCaregiverViewController.swift */,
			);
			path = "Profile Types";
			sourceTree = "<group>";
		};
		EBE099AA2739B43000F056A0 = {
			isa = PBXGroup;
			children = (
				EBE099B52739B43000F056A0 /* 321connect-ios */,
				EB022CAF292D181A0046C27A /* Fonts */,
				EBE099CC2739B43100F056A0 /* 321connect-iosTests */,
				EBE099D62739B43100F056A0 /* 321connect-iosUITests */,
				EBE099B42739B43000F056A0 /* Products */,
			);
			sourceTree = "<group>";
		};
		EBE099B42739B43000F056A0 /* Products */ = {
			isa = PBXGroup;
			children = (
				EBE099B32739B43000F056A0 /* 321connect-ios.app */,
				EBE099C92739B43100F056A0 /* 321connect-iosTests.xctest */,
				EBE099D32739B43100F056A0 /* 321connect-iosUITests.xctest */,
			);
			name = Products;
			sourceTree = "<group>";
		};
		EBE099B52739B43000F056A0 /* 321connect-ios */ = {
			isa = PBXGroup;
			children = (
				EBE099B62739B43000F056A0 /* AppDelegate.swift */,
				EBE099B82739B43000F056A0 /* SceneDelegate.swift */,
				EBE099BC2739B43000F056A0 /* Main.storyboard */,
				FE19E60E288F7E850020A0DD /* BathroomViewController.swift */,
				FE19E614288F7EB10020A0DD /* PottyViewController.swift */,
				FE19E612288F7EA40020A0DD /* ConstipationViewController.swift */,
				EBFFE13428999DD000DA05F6 /* MedicalViewController.swift */,
				EBFFE13628999E2300DA05F6 /* VaccinationViewController.swift */,
				EBFFE13828999E4400DA05F6 /* MedicationViewController.swift */,
				FE19E610288F7E940020A0DD /* DiaperViewController.swift */,
				EBE099BA2739B43000F056A0 /* LoginViewController.swift */,
				EB3A328C27A362CC00B96417 /* SignUpViewController.swift */,
				EB51422827B76FDE0030EDB3 /* HomeScreenViewController.swift */,
				EBE099E62739BA2000F056A0 /* HomeScreenViewControllerExt.swift */,
				EBE1EF1B287248BA00605F93 /* ResourcesViewController.swift */,
				EBE1EF59287CCDF700605F93 /* WebViewController.swift */,
				EB5EF2EE2890702700711E39 /* HistoryTableViewController.swift */,
				EB24C85F285BE06600D7922A /* FeedViewController.swift */,
				EB24C869285D30CC00D7922A /* FluidFeedViewController.swift */,
				EB24C867285D309700D7922A /* SolidFeedViewController.swift */,
				EB24C86B286656C100D7922A /* BehaviorViewController.swift */,
				EB7978172852D01800154969 /* ProfilesViewController.swift */,
				EBBD569827ADEAE4005121C8 /* DevelopmentViewController.swift */,
				EBBD569A27ADFE2F005121C8 /* SleepViewController.swift */,
				EB7FF6E528986A6600FF87D3 /* SleepReportsViewController.swift */,
				EBE4153A289A049F00014641 /* SleepCycleViewController.swift */,
				EBBD569C27AE034B005121C8 /* ActivityViewController.swift */,
				FEBFC9AD28CFCCC000E0F299 /* MessageView.swift */,
				EB6A17AD27AB645D0069428E /* JournalViewController.swift */,
				FE8B1D792979F699006150D0 /* MedicationAddition.swift */,
				EBA9C6D528B721C500779A2B /* Profile Types */,
				EBFFE10728998F3300DA05F6 /* Doctor Visit Milestones */,
				EB4335A528905E340037CDEF /* Custom Cells */,
				EBE099BF2739B43100F056A0 /* Assets.xcassets */,
				389B085E2931B29C0058A8B4 /* Lato2OFL */,
				EBE099C12739B43100F056A0 /* LaunchScreen.storyboard */,
				FEBFC9AA28CFC79000E0F299 /* 321ConnectDatabase.xcdatamodeld */,
				EBE099C42739B43100F056A0 /* Info.plist */,
			);
			path = "321connect-ios";
			sourceTree = "<group>";
		};
		EBE099CC2739B43100F056A0 /* 321connect-iosTests */ = {
			isa = PBXGroup;
			children = (
				EBE099CD2739B43100F056A0 /* _21connect_iosTests.swift */,
			);
			path = "321connect-iosTests";
			sourceTree = "<group>";
		};
		EBE099D62739B43100F056A0 /* 321connect-iosUITests */ = {
			isa = PBXGroup;
			children = (
				EBE099D72739B43100F056A0 /* _21connect_iosUITests.swift */,
				EBE099D92739B43100F056A0 /* _21connect_iosUITestsLaunchTests.swift */,
			);
			path = "321connect-iosUITests";
			sourceTree = "<group>";
		};
		EBFFE10728998F3300DA05F6 /* Doctor Visit Milestones */ = {
			isa = PBXGroup;
			children = (
				EB6E061528D5541B0023BA00 /* DoctorsVisitViewController.swift */,
				EBFFE132289990E400DA05F6 /* DoctorVisitViewController.swift */,
				EBFFE10828998F7100DA05F6 /* NewbornViewController.swift */,
				EBFFE10A28998F9000DA05F6 /* TwoMonthsViewController.swift */,
				EBFFE10C28998F9C00DA05F6 /* FourMonthsViewController.swift */,
				EBFFE10E28998FB100DA05F6 /* SixMonthsViewController.swift */,
				EBFFE11028998FC000DA05F6 /* NineMonthsViewController.swift */,
				EBFFE11228998FCF00DA05F6 /* TwelveMonthsViewController.swift */,
				EBFFE11428998FDC00DA05F6 /* FifteenMonthsViewController.swift */,
				EBFFE11628998FEA00DA05F6 /* EighteenMonthsViewController.swift */,
				EBFFE11828998FF300DA05F6 /* TwoYearsViewController.swift */,
				EBFFE11A2899900200DA05F6 /* ThirtyMonthsViewController.swift */,
				EBFFE11C2899901100DA05F6 /* ThreeYearsViewController.swift */,
				EBFFE11E2899901A00DA05F6 /* FourYearsViewController.swift */,
				EBFFE1202899902500DA05F6 /* FiveYearsViewController.swift */,
				EBFFE1222899903100DA05F6 /* SixYearsViewController.swift */,
				EBFFE1242899903A00DA05F6 /* SevenYearsViewController.swift */,
				EBFFE1262899904600DA05F6 /* EightYearsViewController.swift */,
				EBFFE1282899905100DA05F6 /* NineYearsViewController.swift */,
				EBFFE12A2899906500DA05F6 /* TenYearsViewController.swift */,
				EBFFE12C2899907600DA05F6 /* ElevenYearsViewController.swift */,
				EBFFE12E2899908000DA05F6 /* TwelveYearsViewController.swift */,
				EBFFE130289990B700DA05F6 /* NoAgeVisitViewController.swift */,
			);
			path = "Doctor Visit Milestones";
			sourceTree = "<group>";
		};
/* End PBXGroup section */

/* Begin PBXNativeTarget section */
		EBE099B22739B43000F056A0 /* 321connect-ios */ = {
			isa = PBXNativeTarget;
			buildConfigurationList = EBE099DD2739B43100F056A0 /* Build configuration list for PBXNativeTarget "321connect-ios" */;
			buildPhases = (
				EBE099AF2739B43000F056A0 /* Sources */,
				EBE099B02739B43000F056A0 /* Frameworks */,
				EBE099B12739B43000F056A0 /* Resources */,
			);
			buildRules = (
			);
			dependencies = (
			);
			name = "321connect-ios";
			productName = "321connect-ios";
			productReference = EBE099B32739B43000F056A0 /* 321connect-ios.app */;
			productType = "com.apple.product-type.application";
		};
		EBE099C82739B43100F056A0 /* 321connect-iosTests */ = {
			isa = PBXNativeTarget;
			buildConfigurationList = EBE099E02739B43100F056A0 /* Build configuration list for PBXNativeTarget "321connect-iosTests" */;
			buildPhases = (
				EBE099C52739B43100F056A0 /* Sources */,
				EBE099C62739B43100F056A0 /* Frameworks */,
				EBE099C72739B43100F056A0 /* Resources */,
			);
			buildRules = (
			);
			dependencies = (
				EBE099CB2739B43100F056A0 /* PBXTargetDependency */,
			);
			name = "321connect-iosTests";
			productName = "321connect-iosTests";
			productReference = EBE099C92739B43100F056A0 /* 321connect-iosTests.xctest */;
			productType = "com.apple.product-type.bundle.unit-test";
		};
		EBE099D22739B43100F056A0 /* 321connect-iosUITests */ = {
			isa = PBXNativeTarget;
			buildConfigurationList = EBE099E32739B43100F056A0 /* Build configuration list for PBXNativeTarget "321connect-iosUITests" */;
			buildPhases = (
				EBE099CF2739B43100F056A0 /* Sources */,
				EBE099D02739B43100F056A0 /* Frameworks */,
				EBE099D12739B43100F056A0 /* Resources */,
			);
			buildRules = (
			);
			dependencies = (
				EBE099D52739B43100F056A0 /* PBXTargetDependency */,
			);
			name = "321connect-iosUITests";
			productName = "321connect-iosUITests";
			productReference = EBE099D32739B43100F056A0 /* 321connect-iosUITests.xctest */;
			productType = "com.apple.product-type.bundle.ui-testing";
		};
/* End PBXNativeTarget section */

/* Begin PBXProject section */
		EBE099AB2739B43000F056A0 /* Project object */ = {
			isa = PBXProject;
			attributes = {
				BuildIndependentTargetsInParallel = 1;
				LastSwiftUpdateCheck = 1310;
				LastUpgradeCheck = 1310;
				TargetAttributes = {
					EBE099B22739B43000F056A0 = {
						CreatedOnToolsVersion = 13.1;
					};
					EBE099C82739B43100F056A0 = {
						CreatedOnToolsVersion = 13.1;
						TestTargetID = EBE099B22739B43000F056A0;
					};
					EBE099D22739B43100F056A0 = {
						CreatedOnToolsVersion = 13.1;
						TestTargetID = EBE099B22739B43000F056A0;
					};
				};
			};
			buildConfigurationList = EBE099AE2739B43000F056A0 /* Build configuration list for PBXProject "321connect-ios" */;
			compatibilityVersion = "Xcode 13.0";
			developmentRegion = en;
			hasScannedForEncodings = 0;
			knownRegions = (
				en,
				Base,
			);
			mainGroup = EBE099AA2739B43000F056A0;
			productRefGroup = EBE099B42739B43000F056A0 /* Products */;
			projectDirPath = "";
			projectRoot = "";
			targets = (
				EBE099B22739B43000F056A0 /* 321connect-ios */,
				EBE099C82739B43100F056A0 /* 321connect-iosTests */,
				EBE099D22739B43100F056A0 /* 321connect-iosUITests */,
			);
		};
/* End PBXProject section */

/* Begin PBXResourcesBuildPhase section */
		EBE099B12739B43000F056A0 /* Resources */ = {
			isa = PBXResourcesBuildPhase;
			buildActionMask = 2147483647;
			files = (
				EB022CBD292D189D0046C27A /* Lato-Heavy.ttf in Resources */,
				EB022CB4292D18920046C27A /* Lato-MediumItalic.ttf in Resources */,
				EBE099C32739B43100F056A0 /* LaunchScreen.storyboard in Resources */,
				389B085F2931B29C0058A8B4 /* Lato2OFL in Resources */,
				EB022CB8292D18920046C27A /* Lato-HairlineItalic.ttf in Resources */,
				EB022CBC292D18920046C27A /* Lato-Regular.ttf in Resources */,
				EB022CB2292D18920046C27A /* Lato-Black.ttf in Resources */,
				EB022CBE292D18A20046C27A /* Lato-Light.ttf in Resources */,
				EB022CB3292D18920046C27A /* Lato-BlackItalic.ttf in Resources */,
				EB022CBA292D18920046C27A /* Lato-Hairline.ttf in Resources */,
				EBE099C02739B43100F056A0 /* Assets.xcassets in Resources */,
				EB022CBB292D18920046C27A /* Lato-Bold.ttf in Resources */,
				EB022CC0292D18A20046C27A /* Lato-Medium.ttf in Resources */,
				EB022CB5292D18920046C27A /* Lato-Semibold.ttf in Resources */,
				EB022CC1292D18A20046C27A /* Lato-ThinItalic.ttf in Resources */,
				EBE099BE2739B43000F056A0 /* Main.storyboard in Resources */,
				EB022CB9292D18920046C27A /* Lato-Thin.ttf in Resources */,
				EB022CBF292D18A20046C27A /* Lato-BoldItalic.ttf in Resources */,
				EB4335A428905DE30037CDEF /* ProfileHeaderView.xib in Resources */,
				EB022CB0292D18870046C27A /* Lato-HeavyItalic.ttf in Resources */,
				EB022CB1292D18920046C27A /* Lato-Italic.ttf in Resources */,
				EBD02BF2289D994F0005A030 /* MilestoneCellTableViewCell.xib in Resources */,
				EB022CB6292D18920046C27A /* Lato-LightItalic.ttf in Resources */,
				EB022CB7292D18920046C27A /* Lato-SemiboldItalic.ttf in Resources */,
			);
			runOnlyForDeploymentPostprocessing = 0;
		};
		EBE099C72739B43100F056A0 /* Resources */ = {
			isa = PBXResourcesBuildPhase;
			buildActionMask = 2147483647;
			files = (
			);
			runOnlyForDeploymentPostprocessing = 0;
		};
		EBE099D12739B43100F056A0 /* Resources */ = {
			isa = PBXResourcesBuildPhase;
			buildActionMask = 2147483647;
			files = (
			);
			runOnlyForDeploymentPostprocessing = 0;
		};
/* End PBXResourcesBuildPhase section */

/* Begin PBXSourcesBuildPhase section */
		EBE099AF2739B43000F056A0 /* Sources */ = {
			isa = PBXSourcesBuildPhase;
			buildActionMask = 2147483647;
			files = (
				FEBFC9AC28CFC79000E0F299 /* 321ConnectDatabase.xcdatamodeld in Sources */,
				EBFFE11928998FF300DA05F6 /* TwoYearsViewController.swift in Sources */,
				EBE099BB2739B43000F056A0 /* LoginViewController.swift in Sources */,
				EBFFE11328998FCF00DA05F6 /* TwelveMonthsViewController.swift in Sources */,
				EB35918C27C9A14A00FE651D /* ChildInformationViewController.swift in Sources */,
				EB7978182852D01800154969 /* ProfilesViewController.swift in Sources */,
				EB24C868285D309700D7922A /* SolidFeedViewController.swift in Sources */,
				EB7FF6E628986A6600FF87D3 /* SleepReportsViewController.swift in Sources */,
				EBFFE11728998FEA00DA05F6 /* EighteenMonthsViewController.swift in Sources */,
				FEBFC9AE28CFCCC000E0F299 /* MessageView.swift in Sources */,
				EBE099E72739BA2000F056A0 /* HomeScreenViewControllerExt.swift in Sources */,
				EBFFE11B2899900200DA05F6 /* ThirtyMonthsViewController.swift in Sources */,
				EBE1EF1C287248BA00605F93 /* ResourcesViewController.swift in Sources */,
				EBFFE13528999DD000DA05F6 /* MedicalViewController.swift in Sources */,
				EBB638E72914521C00F5565F /* FormApptTableViewCell.swift in Sources */,
				EBE099B72739B43000F056A0 /* AppDelegate.swift in Sources */,
				EBFFE10D28998F9C00DA05F6 /* FourMonthsViewController.swift in Sources */,
				EBBD569D27AE034B005121C8 /* ActivityViewController.swift in Sources */,
				EBBD569727ADEA42005121C8 /* ProvidersViewController.swift in Sources */,
				EBFFE13728999E2300DA05F6 /* VaccinationViewController.swift in Sources */,
				EBFFE10928998F7100DA05F6 /* NewbornViewController.swift in Sources */,
				FE19E613288F7EA40020A0DD /* ConstipationViewController.swift in Sources */,
				FE19E6172891DD4C0020A0DD /* ParentCaregiverViewController.swift in Sources */,
				EB51422927B76FDE0030EDB3 /* HomeScreenViewController.swift in Sources */,
				FE8B1D7A2979F69A006150D0 /* MedicationAddition.swift in Sources */,
				EBFFE10F28998FB100DA05F6 /* SixMonthsViewController.swift in Sources */,
				EBFFE12D2899907600DA05F6 /* ElevenYearsViewController.swift in Sources */,
				EBBD569927ADEAE4005121C8 /* DevelopmentViewController.swift in Sources */,
				FE19E615288F7EB10020A0DD /* PottyViewController.swift in Sources */,
				EBFFE1232899903100DA05F6 /* SixYearsViewController.swift in Sources */,
				EBE1EF5A287CCDF700605F93 /* WebViewController.swift in Sources */,
				EBFFE11128998FC000DA05F6 /* NineMonthsViewController.swift in Sources */,
				EBD02BF1289D994F0005A030 /* MilestoneCellTableViewCell.swift in Sources */,
				EBFFE12B2899906500DA05F6 /* TenYearsViewController.swift in Sources */,
				FE19E611288F7E940020A0DD /* DiaperViewController.swift in Sources */,
				EB24C86A285D30CC00D7922A /* FluidFeedViewController.swift in Sources */,
				EBFFE10B28998F9000DA05F6 /* TwoMonthsViewController.swift in Sources */,
				EBE099B92739B43000F056A0 /* SceneDelegate.swift in Sources */,
				EBFFE1252899903A00DA05F6 /* SevenYearsViewController.swift in Sources */,
				EB24C86C286656C200D7922A /* BehaviorViewController.swift in Sources */,
				EBFFE1212899902500DA05F6 /* FiveYearsViewController.swift in Sources */,
				EBFFE131289990B700DA05F6 /* NoAgeVisitViewController.swift in Sources */,
				EB5EF2F52892135100711E39 /* CustomTableViewCell.swift in Sources */,
				EBFFE13928999E4400DA05F6 /* MedicationViewController.swift in Sources */,
				EB5EF2F32892132F00711E39 /* UserResourceCell.swift in Sources */,
				EB4335A328905DE30037CDEF /* ProfileHeaderView.swift in Sources */,
				EBFFE1292899905100DA05F6 /* NineYearsViewController.swift in Sources */,
				EBFFE11D2899901100DA05F6 /* ThreeYearsViewController.swift in Sources */,
				EB24C860285BE06600D7922A /* FeedViewController.swift in Sources */,
				EBE4153B289A049F00014641 /* SleepCycleViewController.swift in Sources */,
				EBFFE1272899904600DA05F6 /* EightYearsViewController.swift in Sources */,
				EBFFE11F2899901A00DA05F6 /* FourYearsViewController.swift in Sources */,
				EBBD569B27ADFE2F005121C8 /* SleepViewController.swift in Sources */,
				FE19E60F288F7E850020A0DD /* BathroomViewController.swift in Sources */,
				EB6E061628D5541B0023BA00 /* DoctorsVisitViewController.swift in Sources */,
				EB6A17AE27AB645D0069428E /* JournalViewController.swift in Sources */,
				EBB638E32914520200F5565F /* FormTextTableViewCell.swift in Sources */,
				EBB638E52914520F00F5565F /* FormQuestionTableViewCell.swift in Sources */,
				EB3A328D27A362CC00B96417 /* SignUpViewController.swift in Sources */,
				EBFFE11528998FDC00DA05F6 /* FifteenMonthsViewController.swift in Sources */,
				EB5EF2EF2890702700711E39 /* HistoryTableViewController.swift in Sources */,
				EBB638E92914522800F5565F /* FormProviderTableViewCell.swift in Sources */,
				EBFFE12F2899908000DA05F6 /* TwelveYearsViewController.swift in Sources */,
				EBFFE133289990E400DA05F6 /* DoctorVisitViewController.swift in Sources */,
				EB0E61C6291D621F000C7B42 /* FormNotesTableViewCell.swift in Sources */,
			);
			runOnlyForDeploymentPostprocessing = 0;
		};
		EBE099C52739B43100F056A0 /* Sources */ = {
			isa = PBXSourcesBuildPhase;
			buildActionMask = 2147483647;
			files = (
				EBE099CE2739B43100F056A0 /* _21connect_iosTests.swift in Sources */,
			);
			runOnlyForDeploymentPostprocessing = 0;
		};
		EBE099CF2739B43100F056A0 /* Sources */ = {
			isa = PBXSourcesBuildPhase;
			buildActionMask = 2147483647;
			files = (
				EBE099DA2739B43100F056A0 /* _21connect_iosUITestsLaunchTests.swift in Sources */,
				EBE099D82739B43100F056A0 /* _21connect_iosUITests.swift in Sources */,
			);
			runOnlyForDeploymentPostprocessing = 0;
		};
/* End PBXSourcesBuildPhase section */

/* Begin PBXTargetDependency section */
		EBE099CB2739B43100F056A0 /* PBXTargetDependency */ = {
			isa = PBXTargetDependency;
			target = EBE099B22739B43000F056A0 /* 321connect-ios */;
			targetProxy = EBE099CA2739B43100F056A0 /* PBXContainerItemProxy */;
		};
		EBE099D52739B43100F056A0 /* PBXTargetDependency */ = {
			isa = PBXTargetDependency;
			target = EBE099B22739B43000F056A0 /* 321connect-ios */;
			targetProxy = EBE099D42739B43100F056A0 /* PBXContainerItemProxy */;
		};
/* End PBXTargetDependency section */

/* Begin PBXVariantGroup section */
		EBE099BC2739B43000F056A0 /* Main.storyboard */ = {
			isa = PBXVariantGroup;
			children = (
				EBE099BD2739B43000F056A0 /* Base */,
			);
			name = Main.storyboard;
			sourceTree = "<group>";
		};
		EBE099C12739B43100F056A0 /* LaunchScreen.storyboard */ = {
			isa = PBXVariantGroup;
			children = (
				EBE099C22739B43100F056A0 /* Base */,
			);
			name = LaunchScreen.storyboard;
			sourceTree = "<group>";
		};
/* End PBXVariantGroup section */

/* Begin XCBuildConfiguration section */
		EBE099DB2739B43100F056A0 /* Debug */ = {
			isa = XCBuildConfiguration;
			buildSettings = {
				ALWAYS_SEARCH_USER_PATHS = NO;
				CLANG_ANALYZER_NONNULL = YES;
				CLANG_ANALYZER_NUMBER_OBJECT_CONVERSION = YES_AGGRESSIVE;
				CLANG_CXX_LANGUAGE_STANDARD = "gnu++17";
				CLANG_CXX_LIBRARY = "libc++";
				CLANG_ENABLE_MODULES = YES;
				CLANG_ENABLE_OBJC_ARC = YES;
				CLANG_ENABLE_OBJC_WEAK = YES;
				CLANG_WARN_BLOCK_CAPTURE_AUTORELEASING = YES;
				CLANG_WARN_BOOL_CONVERSION = YES;
				CLANG_WARN_COMMA = YES;
				CLANG_WARN_CONSTANT_CONVERSION = YES;
				CLANG_WARN_DEPRECATED_OBJC_IMPLEMENTATIONS = YES;
				CLANG_WARN_DIRECT_OBJC_ISA_USAGE = YES_ERROR;
				CLANG_WARN_DOCUMENTATION_COMMENTS = YES;
				CLANG_WARN_EMPTY_BODY = YES;
				CLANG_WARN_ENUM_CONVERSION = YES;
				CLANG_WARN_INFINITE_RECURSION = YES;
				CLANG_WARN_INT_CONVERSION = YES;
				CLANG_WARN_NON_LITERAL_NULL_CONVERSION = YES;
				CLANG_WARN_OBJC_IMPLICIT_RETAIN_SELF = YES;
				CLANG_WARN_OBJC_LITERAL_CONVERSION = YES;
				CLANG_WARN_OBJC_ROOT_CLASS = YES_ERROR;
				CLANG_WARN_QUOTED_INCLUDE_IN_FRAMEWORK_HEADER = YES;
				CLANG_WARN_RANGE_LOOP_ANALYSIS = YES;
				CLANG_WARN_STRICT_PROTOTYPES = YES;
				CLANG_WARN_SUSPICIOUS_MOVE = YES;
				CLANG_WARN_UNGUARDED_AVAILABILITY = YES_AGGRESSIVE;
				CLANG_WARN_UNREACHABLE_CODE = YES;
				CLANG_WARN__DUPLICATE_METHOD_MATCH = YES;
				COPY_PHASE_STRIP = NO;
				DEBUG_INFORMATION_FORMAT = dwarf;
				ENABLE_STRICT_OBJC_MSGSEND = YES;
				ENABLE_TESTABILITY = YES;
				GCC_C_LANGUAGE_STANDARD = gnu11;
				GCC_DYNAMIC_NO_PIC = NO;
				GCC_NO_COMMON_BLOCKS = YES;
				GCC_OPTIMIZATION_LEVEL = 0;
				GCC_PREPROCESSOR_DEFINITIONS = (
					"DEBUG=1",
					"$(inherited)",
				);
				GCC_WARN_64_TO_32_BIT_CONVERSION = YES;
				GCC_WARN_ABOUT_RETURN_TYPE = YES_ERROR;
				GCC_WARN_UNDECLARED_SELECTOR = YES;
				GCC_WARN_UNINITIALIZED_AUTOS = YES_AGGRESSIVE;
				GCC_WARN_UNUSED_FUNCTION = YES;
				GCC_WARN_UNUSED_VARIABLE = YES;
				IPHONEOS_DEPLOYMENT_TARGET = 15.0;
				MTL_ENABLE_DEBUG_INFO = INCLUDE_SOURCE;
				MTL_FAST_MATH = YES;
				ONLY_ACTIVE_ARCH = YES;
				SDKROOT = iphoneos;
				SWIFT_ACTIVE_COMPILATION_CONDITIONS = DEBUG;
				SWIFT_OPTIMIZATION_LEVEL = "-Onone";
			};
			name = Debug;
		};
		EBE099DC2739B43100F056A0 /* Release */ = {
			isa = XCBuildConfiguration;
			buildSettings = {
				ALWAYS_SEARCH_USER_PATHS = NO;
				CLANG_ANALYZER_NONNULL = YES;
				CLANG_ANALYZER_NUMBER_OBJECT_CONVERSION = YES_AGGRESSIVE;
				CLANG_CXX_LANGUAGE_STANDARD = "gnu++17";
				CLANG_CXX_LIBRARY = "libc++";
				CLANG_ENABLE_MODULES = YES;
				CLANG_ENABLE_OBJC_ARC = YES;
				CLANG_ENABLE_OBJC_WEAK = YES;
				CLANG_WARN_BLOCK_CAPTURE_AUTORELEASING = YES;
				CLANG_WARN_BOOL_CONVERSION = YES;
				CLANG_WARN_COMMA = YES;
				CLANG_WARN_CONSTANT_CONVERSION = YES;
				CLANG_WARN_DEPRECATED_OBJC_IMPLEMENTATIONS = YES;
				CLANG_WARN_DIRECT_OBJC_ISA_USAGE = YES_ERROR;
				CLANG_WARN_DOCUMENTATION_COMMENTS = YES;
				CLANG_WARN_EMPTY_BODY = YES;
				CLANG_WARN_ENUM_CONVERSION = YES;
				CLANG_WARN_INFINITE_RECURSION = YES;
				CLANG_WARN_INT_CONVERSION = YES;
				CLANG_WARN_NON_LITERAL_NULL_CONVERSION = YES;
				CLANG_WARN_OBJC_IMPLICIT_RETAIN_SELF = YES;
				CLANG_WARN_OBJC_LITERAL_CONVERSION = YES;
				CLANG_WARN_OBJC_ROOT_CLASS = YES_ERROR;
				CLANG_WARN_QUOTED_INCLUDE_IN_FRAMEWORK_HEADER = YES;
				CLANG_WARN_RANGE_LOOP_ANALYSIS = YES;
				CLANG_WARN_STRICT_PROTOTYPES = YES;
				CLANG_WARN_SUSPICIOUS_MOVE = YES;
				CLANG_WARN_UNGUARDED_AVAILABILITY = YES_AGGRESSIVE;
				CLANG_WARN_UNREACHABLE_CODE = YES;
				CLANG_WARN__DUPLICATE_METHOD_MATCH = YES;
				COPY_PHASE_STRIP = NO;
				DEBUG_INFORMATION_FORMAT = "dwarf-with-dsym";
				ENABLE_NS_ASSERTIONS = NO;
				ENABLE_STRICT_OBJC_MSGSEND = YES;
				GCC_C_LANGUAGE_STANDARD = gnu11;
				GCC_NO_COMMON_BLOCKS = YES;
				GCC_WARN_64_TO_32_BIT_CONVERSION = YES;
				GCC_WARN_ABOUT_RETURN_TYPE = YES_ERROR;
				GCC_WARN_UNDECLARED_SELECTOR = YES;
				GCC_WARN_UNINITIALIZED_AUTOS = YES_AGGRESSIVE;
				GCC_WARN_UNUSED_FUNCTION = YES;
				GCC_WARN_UNUSED_VARIABLE = YES;
				IPHONEOS_DEPLOYMENT_TARGET = 15.0;
				MTL_ENABLE_DEBUG_INFO = NO;
				MTL_FAST_MATH = YES;
				SDKROOT = iphoneos;
				SWIFT_COMPILATION_MODE = wholemodule;
				SWIFT_OPTIMIZATION_LEVEL = "-O";
				VALIDATE_PRODUCT = YES;
			};
			name = Release;
		};
		EBE099DE2739B43100F056A0 /* Debug */ = {
			isa = XCBuildConfiguration;
			buildSettings = {
				ASSETCATALOG_COMPILER_APPICON_NAME = AppIcon;
				ASSETCATALOG_COMPILER_GLOBAL_ACCENT_COLOR_NAME = AccentColor;
				CODE_SIGN_IDENTITY = "Apple Development";
				CODE_SIGN_STYLE = Automatic;
				CURRENT_PROJECT_VERSION = 1;
				DEVELOPMENT_TEAM = AJ84Q69AHZ;
				GENERATE_INFOPLIST_FILE = YES;
				INFOPLIST_FILE = "321connect-ios/Info.plist";
				INFOPLIST_KEY_NSPhotoLibraryAddUsageDescription = "Please Allow Image to Profiles";
				INFOPLIST_KEY_UIApplicationSupportsIndirectInputEvents = YES;
				INFOPLIST_KEY_UILaunchStoryboardName = LaunchScreen;
				INFOPLIST_KEY_UIMainStoryboardFile = Main;
				INFOPLIST_KEY_UISupportedInterfaceOrientations_iPad = "UIInterfaceOrientationPortrait UIInterfaceOrientationPortraitUpsideDown UIInterfaceOrientationLandscapeLeft UIInterfaceOrientationLandscapeRight";
				INFOPLIST_KEY_UISupportedInterfaceOrientations_iPhone = "UIInterfaceOrientationPortrait UIInterfaceOrientationLandscapeLeft UIInterfaceOrientationLandscapeRight";
				LD_RUNPATH_SEARCH_PATHS = (
					"$(inherited)",
					"@executable_path/Frameworks",
				);
				MARKETING_VERSION = 1.0;
				PRODUCT_BUNDLE_IDENTIFIER = "BostonBA-321connectIdentifier";
				PRODUCT_NAME = "$(TARGET_NAME)";
				PROVISIONING_PROFILE_SPECIFIER = "";
				SWIFT_EMIT_LOC_STRINGS = YES;
				SWIFT_VERSION = 5.0;
				TARGETED_DEVICE_FAMILY = "1,2";
			};
			name = Debug;
		};
		EBE099DF2739B43100F056A0 /* Release */ = {
			isa = XCBuildConfiguration;
			buildSettings = {
				ASSETCATALOG_COMPILER_APPICON_NAME = AppIcon;
				ASSETCATALOG_COMPILER_GLOBAL_ACCENT_COLOR_NAME = AccentColor;
				CODE_SIGN_IDENTITY = "Apple Development";
				CODE_SIGN_STYLE = Automatic;
				CURRENT_PROJECT_VERSION = 1;
				DEVELOPMENT_TEAM = AJ84Q69AHZ;
				GENERATE_INFOPLIST_FILE = YES;
				INFOPLIST_FILE = "321connect-ios/Info.plist";
				INFOPLIST_KEY_NSPhotoLibraryAddUsageDescription = "Please Allow Image to Profiles";
				INFOPLIST_KEY_UIApplicationSupportsIndirectInputEvents = YES;
				INFOPLIST_KEY_UILaunchStoryboardName = LaunchScreen;
				INFOPLIST_KEY_UIMainStoryboardFile = Main;
				INFOPLIST_KEY_UISupportedInterfaceOrientations_iPad = "UIInterfaceOrientationPortrait UIInterfaceOrientationPortraitUpsideDown UIInterfaceOrientationLandscapeLeft UIInterfaceOrientationLandscapeRight";
				INFOPLIST_KEY_UISupportedInterfaceOrientations_iPhone = "UIInterfaceOrientationPortrait UIInterfaceOrientationLandscapeLeft UIInterfaceOrientationLandscapeRight";
				LD_RUNPATH_SEARCH_PATHS = (
					"$(inherited)",
					"@executable_path/Frameworks",
				);
				MARKETING_VERSION = 1.0;
				PRODUCT_BUNDLE_IDENTIFIER = "BostonBA-321connectIdentifier";
				PRODUCT_NAME = "$(TARGET_NAME)";
				PROVISIONING_PROFILE_SPECIFIER = "";
				SWIFT_EMIT_LOC_STRINGS = YES;
				SWIFT_VERSION = 5.0;
				TARGETED_DEVICE_FAMILY = "1,2";
			};
			name = Release;
		};
		EBE099E12739B43100F056A0 /* Debug */ = {
			isa = XCBuildConfiguration;
			buildSettings = {
				ALWAYS_EMBED_SWIFT_STANDARD_LIBRARIES = YES;
				BUNDLE_LOADER = "$(TEST_HOST)";
				CODE_SIGN_STYLE = Automatic;
				CURRENT_PROJECT_VERSION = 1;
				DEVELOPMENT_TEAM = HJ578KXY67;
				GENERATE_INFOPLIST_FILE = YES;
				IPHONEOS_DEPLOYMENT_TARGET = 15.0;
				LD_RUNPATH_SEARCH_PATHS = (
					"$(inherited)",
					"@executable_path/Frameworks",
					"@loader_path/Frameworks",
				);
				MARKETING_VERSION = 1.0;
				PRODUCT_BUNDLE_IDENTIFIER = "ladiaeg.-21connect-iosTests";
				PRODUCT_NAME = "$(TARGET_NAME)";
				SWIFT_EMIT_LOC_STRINGS = NO;
				SWIFT_VERSION = 5.0;
				TARGETED_DEVICE_FAMILY = "1,2";
				TEST_HOST = "$(BUILT_PRODUCTS_DIR)/321connect-ios.app/321connect-ios";
			};
			name = Debug;
		};
		EBE099E22739B43100F056A0 /* Release */ = {
			isa = XCBuildConfiguration;
			buildSettings = {
				ALWAYS_EMBED_SWIFT_STANDARD_LIBRARIES = YES;
				BUNDLE_LOADER = "$(TEST_HOST)";
				CODE_SIGN_STYLE = Automatic;
				CURRENT_PROJECT_VERSION = 1;
				DEVELOPMENT_TEAM = HJ578KXY67;
				GENERATE_INFOPLIST_FILE = YES;
				IPHONEOS_DEPLOYMENT_TARGET = 15.0;
				LD_RUNPATH_SEARCH_PATHS = (
					"$(inherited)",
					"@executable_path/Frameworks",
					"@loader_path/Frameworks",
				);
				MARKETING_VERSION = 1.0;
				PRODUCT_BUNDLE_IDENTIFIER = "ladiaeg.-21connect-iosTests";
				PRODUCT_NAME = "$(TARGET_NAME)";
				SWIFT_EMIT_LOC_STRINGS = NO;
				SWIFT_VERSION = 5.0;
				TARGETED_DEVICE_FAMILY = "1,2";
				TEST_HOST = "$(BUILT_PRODUCTS_DIR)/321connect-ios.app/321connect-ios";
			};
			name = Release;
		};
		EBE099E42739B43100F056A0 /* Debug */ = {
			isa = XCBuildConfiguration;
			buildSettings = {
				ALWAYS_EMBED_SWIFT_STANDARD_LIBRARIES = YES;
				CODE_SIGN_STYLE = Automatic;
				CURRENT_PROJECT_VERSION = 1;
				DEVELOPMENT_TEAM = HJ578KXY67;
				GENERATE_INFOPLIST_FILE = YES;
				LD_RUNPATH_SEARCH_PATHS = (
					"$(inherited)",
					"@executable_path/Frameworks",
					"@loader_path/Frameworks",
				);
				MARKETING_VERSION = 1.0;
				PRODUCT_BUNDLE_IDENTIFIER = "ladiaeg.-21connect-iosUITests";
				PRODUCT_NAME = "$(TARGET_NAME)";
				SWIFT_EMIT_LOC_STRINGS = NO;
				SWIFT_VERSION = 5.0;
				TARGETED_DEVICE_FAMILY = "1,2";
				TEST_TARGET_NAME = "321connect-ios";
			};
			name = Debug;
		};
		EBE099E52739B43100F056A0 /* Release */ = {
			isa = XCBuildConfiguration;
			buildSettings = {
				ALWAYS_EMBED_SWIFT_STANDARD_LIBRARIES = YES;
				CODE_SIGN_STYLE = Automatic;
				CURRENT_PROJECT_VERSION = 1;
				DEVELOPMENT_TEAM = HJ578KXY67;
				GENERATE_INFOPLIST_FILE = YES;
				LD_RUNPATH_SEARCH_PATHS = (
					"$(inherited)",
					"@executable_path/Frameworks",
					"@loader_path/Frameworks",
				);
				MARKETING_VERSION = 1.0;
				PRODUCT_BUNDLE_IDENTIFIER = "ladiaeg.-21connect-iosUITests";
				PRODUCT_NAME = "$(TARGET_NAME)";
				SWIFT_EMIT_LOC_STRINGS = NO;
				SWIFT_VERSION = 5.0;
				TARGETED_DEVICE_FAMILY = "1,2";
				TEST_TARGET_NAME = "321connect-ios";
			};
			name = Release;
		};
/* End XCBuildConfiguration section */

/* Begin XCConfigurationList section */
		EBE099AE2739B43000F056A0 /* Build configuration list for PBXProject "321connect-ios" */ = {
			isa = XCConfigurationList;
			buildConfigurations = (
				EBE099DB2739B43100F056A0 /* Debug */,
				EBE099DC2739B43100F056A0 /* Release */,
			);
			defaultConfigurationIsVisible = 0;
			defaultConfigurationName = Release;
		};
		EBE099DD2739B43100F056A0 /* Build configuration list for PBXNativeTarget "321connect-ios" */ = {
			isa = XCConfigurationList;
			buildConfigurations = (
				EBE099DE2739B43100F056A0 /* Debug */,
				EBE099DF2739B43100F056A0 /* Release */,
			);
			defaultConfigurationIsVisible = 0;
			defaultConfigurationName = Release;
		};
		EBE099E02739B43100F056A0 /* Build configuration list for PBXNativeTarget "321connect-iosTests" */ = {
			isa = XCConfigurationList;
			buildConfigurations = (
				EBE099E12739B43100F056A0 /* Debug */,
				EBE099E22739B43100F056A0 /* Release */,
			);
			defaultConfigurationIsVisible = 0;
			defaultConfigurationName = Release;
		};
		EBE099E32739B43100F056A0 /* Build configuration list for PBXNativeTarget "321connect-iosUITests" */ = {
			isa = XCConfigurationList;
			buildConfigurations = (
				EBE099E42739B43100F056A0 /* Debug */,
				EBE099E52739B43100F056A0 /* Release */,
			);
			defaultConfigurationIsVisible = 0;
			defaultConfigurationName = Release;
		};
/* End XCConfigurationList section */

/* Begin XCVersionGroup section */
		FEBFC9AA28CFC79000E0F299 /* 321ConnectDatabase.xcdatamodeld */ = {
			isa = XCVersionGroup;
			children = (
				FEBFC9AB28CFC79000E0F299 /* 321ConnectDatabase.xcdatamodel */,
			);
			currentVersion = FEBFC9AB28CFC79000E0F299 /* 321ConnectDatabase.xcdatamodel */;
			path = 321ConnectDatabase.xcdatamodeld;
			sourceTree = "<group>";
			versionGroupType = wrapper.xcdatamodel;
		};
/* End XCVersionGroup section */
	};
	rootObject = EBE099AB2739B43000F056A0 /* Project object */;
}
